
Microsoft Visual Studio Solution File, Format Version 12.00
# Visual Studio Version 16
VisualStudioVersion = 16.0.31729.503
MinimumVisualStudioVersion = 10.0.40219.1
Project("{FAE04EC0-301F-11D3-BF4B-00C04F79EFBC}") = "Owner", "Owner.csproj", "{56B19886-5251-4BDC-9C5B-8B38F862217C}"
EndProject
Global
	GlobalSection(SolutionConfigurationPlatforms) = preSolution
		Debug|Any CPU = Debug|Any CPU
		Release|Any CPU = Release|Any CPU
	EndGlobalSection
	GlobalSection(ProjectConfigurationPlatforms) = postSolution
		{56B19886-5251-4BDC-9C5B-8B38F862217C}.Debug|Any CPU.ActiveCfg = Debug|Any CPU
		{56B19886-5251-4BDC-9C5B-8B38F862217C}.Debug|Any CPU.Build.0 = Debug|Any CPU
		{56B19886-5251-4BDC-9C5B-8B38F862217C}.Release|Any CPU.ActiveCfg = Release|Any CPU
		{56B19886-5251-4BDC-9C5B-8B38F862217C}.Release|Any CPU.Build.0 = Release|Any CPU
	EndGlobalSection
	GlobalSection(SolutionProperties) = preSolution
		HideSolutionNode = FALSE
	EndGlobalSection
	GlobalSection(ExtensibilityGlobals) = postSolution
		SolutionGuid = {5C23C403-F971-406E-9AC8-E72D5BB8A2F3}
	EndGlobalSection
EndGlobal
