
Microsoft Visual Studio Solution File, Format Version 12.00
# Visual Studio Version 16
VisualStudioVersion = 16.0.31729.503
MinimumVisualStudioVersion = 10.0.40219.1
Project("{FAE04EC0-301F-11D3-BF4B-00C04F79EFBC}") = "Ex76", "Ex76.csproj", "{81582770-D080-4708-8DCA-86BEEBDB934B}"
EndProject
Global
	GlobalSection(SolutionConfigurationPlatforms) = preSolution
		Debug|Any CPU = Debug|Any CPU
		Release|Any CPU = Release|Any CPU
	EndGlobalSection
	GlobalSection(ProjectConfigurationPlatforms) = postSolution
		{81582770-D080-4708-8DCA-86BEEBDB934B}.Debug|Any CPU.ActiveCfg = Debug|Any CPU
		{81582770-D080-4708-8DCA-86BEEBDB934B}.Debug|Any CPU.Build.0 = Debug|Any CPU
		{81582770-D080-4708-8DCA-86BEEBDB934B}.Release|Any CPU.ActiveCfg = Release|Any CPU
		{81582770-D080-4708-8DCA-86BEEBDB934B}.Release|Any CPU.Build.0 = Release|Any CPU
	EndGlobalSection
	GlobalSection(SolutionProperties) = preSolution
		HideSolutionNode = FALSE
	EndGlobalSection
	GlobalSection(ExtensibilityGlobals) = postSolution
		SolutionGuid = {C6330073-161A-45C6-8910-B7216DA9C0BC}
	EndGlobalSection
EndGlobal
