
Microsoft Visual Studio Solution File, Format Version 12.00
# Visual Studio Version 17
VisualStudioVersion = 17.0.32112.339
MinimumVisualStudioVersion = 10.0.40219.1
Project("{FAE04EC0-301F-11D3-BF4B-00C04F79EFBC}") = "LoadDataSetXml", "LoadDataSetXml.csproj", "{77CA4753-94F9-4967-A6CF-15A18A9155AD}"
EndProject
Global
	GlobalSection(SolutionConfigurationPlatforms) = preSolution
		Debug|Any CPU = Debug|Any CPU
		Release|Any CPU = Release|Any CPU
	EndGlobalSection
	GlobalSection(ProjectConfigurationPlatforms) = postSolution
		{77CA4753-94F9-4967-A6CF-15A18A9155AD}.Debug|Any CPU.ActiveCfg = Debug|Any CPU
		{77CA4753-94F9-4967-A6CF-15A18A9155AD}.Debug|Any CPU.Build.0 = Debug|Any CPU
		{77CA4753-94F9-4967-A6CF-15A18A9155AD}.Release|Any CPU.ActiveCfg = Release|Any CPU
		{77CA4753-94F9-4967-A6CF-15A18A9155AD}.Release|Any CPU.Build.0 = Release|Any CPU
	EndGlobalSection
	GlobalSection(SolutionProperties) = preSolution
		HideSolutionNode = FALSE
	EndGlobalSection
	GlobalSection(ExtensibilityGlobals) = postSolution
		SolutionGuid = {0F113C4F-94E1-4BBA-8D98-4C1BE0B6BE96}
	EndGlobalSection
EndGlobal
