
Microsoft Visual Studio Solution File, Format Version 12.00
# Visual Studio Version 17
VisualStudioVersion = 17.0.32112.339
MinimumVisualStudioVersion = 10.0.40219.1
Project("{FAE04EC0-301F-11D3-BF4B-00C04F79EFBC}") = "DataAdapterWizard", "DataAdapterWizard.csproj", "{0D82649D-56DB-4F34-AB64-07CB8977E86D}"
EndProject
Global
	GlobalSection(SolutionConfigurationPlatforms) = preSolution
		Debug|Any CPU = Debug|Any CPU
		Release|Any CPU = Release|Any CPU
	EndGlobalSection
	GlobalSection(ProjectConfigurationPlatforms) = postSolution
		{0D82649D-56DB-4F34-AB64-07CB8977E86D}.Debug|Any CPU.ActiveCfg = Debug|Any CPU
		{0D82649D-56DB-4F34-AB64-07CB8977E86D}.Debug|Any CPU.Build.0 = Debug|Any CPU
		{0D82649D-56DB-4F34-AB64-07CB8977E86D}.Release|Any CPU.ActiveCfg = Release|Any CPU
		{0D82649D-56DB-4F34-AB64-07CB8977E86D}.Release|Any CPU.Build.0 = Release|Any CPU
	EndGlobalSection
	GlobalSection(SolutionProperties) = preSolution
		HideSolutionNode = FALSE
	EndGlobalSection
	GlobalSection(ExtensibilityGlobals) = postSolution
		SolutionGuid = {EC68CDC3-2034-47F3-B07E-C8A437264D6C}
	EndGlobalSection
EndGlobal
