
Microsoft Visual Studio Solution File, Format Version 12.00
# Visual Studio Version 16
VisualStudioVersion = 16.0.31729.503
MinimumVisualStudioVersion = 10.0.40219.1
Project("{FAE04EC0-301F-11D3-BF4B-00C04F79EFBC}") = "WindowsFormsChart", "WindowsFormsChart.csproj", "{CE3D8C5E-4578-4173-B816-B3170EC6C1BC}"
EndProject
Global
	GlobalSection(SolutionConfigurationPlatforms) = preSolution
		Debug|Any CPU = Debug|Any CPU
		Release|Any CPU = Release|Any CPU
	EndGlobalSection
	GlobalSection(ProjectConfigurationPlatforms) = postSolution
		{CE3D8C5E-4578-4173-B816-B3170EC6C1BC}.Debug|Any CPU.ActiveCfg = Debug|Any CPU
		{CE3D8C5E-4578-4173-B816-B3170EC6C1BC}.Debug|Any CPU.Build.0 = Debug|Any CPU
		{CE3D8C5E-4578-4173-B816-B3170EC6C1BC}.Release|Any CPU.ActiveCfg = Release|Any CPU
		{CE3D8C5E-4578-4173-B816-B3170EC6C1BC}.Release|Any CPU.Build.0 = Release|Any CPU
	EndGlobalSection
	GlobalSection(SolutionProperties) = preSolution
		HideSolutionNode = FALSE
	EndGlobalSection
	GlobalSection(ExtensibilityGlobals) = postSolution
		SolutionGuid = {60F0C416-518B-46AA-8FAD-C0741370FA36}
	EndGlobalSection
EndGlobal
