
Microsoft Visual Studio Solution File, Format Version 12.00
# Visual Studio Version 17
VisualStudioVersion = 17.0.32112.339
MinimumVisualStudioVersion = 10.0.40219.1
Project("{FAE04EC0-301F-11D3-BF4B-00C04F79EFBC}") = "CustomerManager", "CustomerManager.csproj", "{B1087C57-8961-41EA-AD18-A3790EE37B9B}"
EndProject
Project("{FAE04EC0-301F-11D3-BF4B-00C04F79EFBC}") = "CodeFirst", "..\CodeFirst\CodeFirst.csproj", "{DD733AB6-2911-453D-8495-001E2DB6244A}"
EndProject
Global
	GlobalSection(SolutionConfigurationPlatforms) = preSolution
		Debug|Any CPU = Debug|Any CPU
		Release|Any CPU = Release|Any CPU
	EndGlobalSection
	GlobalSection(ProjectConfigurationPlatforms) = postSolution
		{B1087C57-8961-41EA-AD18-A3790EE37B9B}.Debug|Any CPU.ActiveCfg = Debug|Any CPU
		{B1087C57-8961-41EA-AD18-A3790EE37B9B}.Debug|Any CPU.Build.0 = Debug|Any CPU
		{B1087C57-8961-41EA-AD18-A3790EE37B9B}.Release|Any CPU.ActiveCfg = Release|Any CPU
		{B1087C57-8961-41EA-AD18-A3790EE37B9B}.Release|Any CPU.Build.0 = Release|Any CPU
		{DD733AB6-2911-453D-8495-001E2DB6244A}.Debug|Any CPU.ActiveCfg = Debug|Any CPU
		{DD733AB6-2911-453D-8495-001E2DB6244A}.Debug|Any CPU.Build.0 = Debug|Any CPU
		{DD733AB6-2911-453D-8495-001E2DB6244A}.Release|Any CPU.ActiveCfg = Release|Any CPU
		{DD733AB6-2911-453D-8495-001E2DB6244A}.Release|Any CPU.Build.0 = Release|Any CPU
	EndGlobalSection
	GlobalSection(SolutionProperties) = preSolution
		HideSolutionNode = FALSE
	EndGlobalSection
	GlobalSection(ExtensibilityGlobals) = postSolution
		SolutionGuid = {A753BD4B-145E-4349-B9E5-3DCF33332B29}
	EndGlobalSection
EndGlobal
